
Microsoft Visual Studio Solution File, Format Version 12.00
# Visual Studio Version 17
VisualStudioVersion = 17.11.35327.3
MinimumVisualStudioVersion = 10.0.40219.1
Project("{FAE04EC0-301F-11D3-BF4B-00C04F79EFBC}") = "PackSlipApp", "PackSlipApp.csproj", "{7682704F-F547-4AE5-9E84-4D91F4B920BD}"
EndProject
Global
	GlobalSection(SolutionConfigurationPlatforms) = preSolution
		Debug|Any CPU = Debug|Any CPU
		Release|Any CPU = Release|Any CPU
	EndGlobalSection
	GlobalSection(ProjectConfigurationPlatforms) = postSolution
		{7682704F-F547-4AE5-9E84-4D91F4B920BD}.Debug|Any CPU.ActiveCfg = Debug|Any CPU
		{7682704F-F547-4AE5-9E84-4D91F4B920BD}.Debug|Any CPU.Build.0 = Debug|Any CPU
		{7682704F-F547-4AE5-9E84-4D91F4B920BD}.Release|Any CPU.ActiveCfg = Release|Any CPU
		{7682704F-F547-4AE5-9E84-4D91F4B920BD}.Release|Any CPU.Build.0 = Release|Any CPU
	EndGlobalSection
	GlobalSection(SolutionProperties) = preSolution
		HideSolutionNode = FALSE
	EndGlobalSection
	GlobalSection(ExtensibilityGlobals) = postSolution
		SolutionGuid = {944655F2-874D-448C-911E-D35CFAC82533}
	EndGlobalSection
EndGlobal
